// !$*UTF8*$!
{
	archiveVersion = 1;
	classes = {
	};
	objectVersion = 48;
	objects = {

/* Begin PBXBuildFile section */
		B2F493533729A46192834459 /* Pods_Festival_AppTests.framework in Frameworks */ = {isa = PBXBuildFile; fileRef = 71F5C21C5FE26E4AE11A1F5E /* Pods_Festival_AppTests.framework */; };
		D3F765C1DBC1FF987E737016 /* Pods_Festival_App.framework in Frameworks */ = {isa = PBXBuildFile; fileRef = E8C6773EB899B34DE25D3349 /* Pods_Festival_App.framework */; };
		DE0FCD59203F1E3B00FE29BB /* ArtistService.swift in Sources */ = {isa = PBXBuildFile; fileRef = DE0FCD58203F1E3B00FE29BB /* ArtistService.swift */; };
		DE0FCD5B203F1F1300FE29BB /* Artist.swift in Sources */ = {isa = PBXBuildFile; fileRef = DE0FCD5A203F1F1300FE29BB /* Artist.swift */; };
		DE0FCD5D203F20CB00FE29BB /* MainStageArtistsVC.swift in Sources */ = {isa = PBXBuildFile; fileRef = DE0FCD5C203F20CB00FE29BB /* MainStageArtistsVC.swift */; };
		DE0FCD5F203F211F00FE29BB /* ArtistCell.swift in Sources */ = {isa = PBXBuildFile; fileRef = DE0FCD5E203F211F00FE29BB /* ArtistCell.swift */; };
		DE0FCD61203F6D6200FE29BB /* ResistanceStageArtistsVC.swift in Sources */ = {isa = PBXBuildFile; fileRef = DE0FCD60203F6D6200FE29BB /* ResistanceStageArtistsVC.swift */; };
		DE0FCD63203F6D7D00FE29BB /* LiveStageArtistsVC.swift in Sources */ = {isa = PBXBuildFile; fileRef = DE0FCD62203F6D7D00FE29BB /* LiveStageArtistsVC.swift */; };
		DE0FCD65203F6D9300FE29BB /* OasisStageArtistsVC.swift in Sources */ = {isa = PBXBuildFile; fileRef = DE0FCD64203F6D9300FE29BB /* OasisStageArtistsVC.swift */; };
		DE0FCD6B203F747900FE29BB /* ArtistDetailsVC.swift in Sources */ = {isa = PBXBuildFile; fileRef = DE0FCD69203F747900FE29BB /* ArtistDetailsVC.swift */; };
		DE0FCD6C203F747900FE29BB /* ArtistDetailsVC.xib in Resources */ = {isa = PBXBuildFile; fileRef = DE0FCD6A203F747900FE29BB /* ArtistDetailsVC.xib */; };
		DE1648502041F56100EB371B /* ProductService.swift in Sources */ = {isa = PBXBuildFile; fileRef = DE16484F2041F56100EB371B /* ProductService.swift */; };
		DE1648522041F9E500EB371B /* ProductCategoryCell.swift in Sources */ = {isa = PBXBuildFile; fileRef = DE1648512041F9E500EB371B /* ProductCategoryCell.swift */; };
		DE1648562042006F00EB371B /* HalfRoundedView.swift in Sources */ = {isa = PBXBuildFile; fileRef = DE1648552042006F00EB371B /* HalfRoundedView.swift */; };
		DE16485A2042134000EB371B /* MerchVC.swift in Sources */ = {isa = PBXBuildFile; fileRef = DE1648592042134000EB371B /* MerchVC.swift */; };
		DE16485C2042191700EB371B /* Product.swift in Sources */ = {isa = PBXBuildFile; fileRef = DE16485B2042191700EB371B /* Product.swift */; };
		DE16485E204219DE00EB371B /* ProductCell.swift in Sources */ = {isa = PBXBuildFile; fileRef = DE16485D204219DE00EB371B /* ProductCell.swift */; };
		DE1648622042350400EB371B /* RoundedImage.swift in Sources */ = {isa = PBXBuildFile; fileRef = DE1648612042350400EB371B /* RoundedImage.swift */; };
		DE3B2CF72043300C00C4E49D /* AuthService.swift in Sources */ = {isa = PBXBuildFile; fileRef = DE3B2CF62043300C00C4E49D /* AuthService.swift */; };
		DE4DF1662041BEDF0083A8F1 /* NewsVC.swift in Sources */ = {isa = PBXBuildFile; fileRef = DE4DF1652041BEDF0083A8F1 /* NewsVC.swift */; };
		DE4DF1682041C1720083A8F1 /* NewsCell.swift in Sources */ = {isa = PBXBuildFile; fileRef = DE4DF1672041C1720083A8F1 /* NewsCell.swift */; };
		DE4DF16A2041CB340083A8F1 /* LineupVC.swift in Sources */ = {isa = PBXBuildFile; fileRef = DE4DF1692041CB340083A8F1 /* LineupVC.swift */; };
		DE4DF16C2041CB4E0083A8F1 /* MerchCategoryVC.swift in Sources */ = {isa = PBXBuildFile; fileRef = DE4DF16B2041CB4E0083A8F1 /* MerchCategoryVC.swift */; };
		DE4DF16E2041CB690083A8F1 /* AccomodationVC.swift in Sources */ = {isa = PBXBuildFile; fileRef = DE4DF16D2041CB690083A8F1 /* AccomodationVC.swift */; };
		DE5A8112203DE56900D8A7FA /* SWRevealViewController.m in Sources */ = {isa = PBXBuildFile; fileRef = DE5A8111203DE56900D8A7FA /* SWRevealViewController.m */; };
		DE5A8117203DE7C700D8A7FA /* UserMenuVC.swift in Sources */ = {isa = PBXBuildFile; fileRef = DE5A8116203DE7C700D8A7FA /* UserMenuVC.swift */; };
		DE5A8119203DE80D00D8A7FA /* HomeVC.swift in Sources */ = {isa = PBXBuildFile; fileRef = DE5A8118203DE80D00D8A7FA /* HomeVC.swift */; };
		DE5A811B203DEA3300D8A7FA /* GradientView.swift in Sources */ = {isa = PBXBuildFile; fileRef = DE5A811A203DEA3300D8A7FA /* GradientView.swift */; };
		DE5A811D203DF95B00D8A7FA /* RoundedButton.swift in Sources */ = {isa = PBXBuildFile; fileRef = DE5A811C203DF95B00D8A7FA /* RoundedButton.swift */; };
		DE5A8120203E1DF200D8A7FA /* Constants.swift in Sources */ = {isa = PBXBuildFile; fileRef = DE5A811F203E1DF200D8A7FA /* Constants.swift */; };
		DE5A8122203E1EDA00D8A7FA /* UserMenuCell.swift in Sources */ = {isa = PBXBuildFile; fileRef = DE5A8121203E1EDA00D8A7FA /* UserMenuCell.swift */; };
		DE742A112044963A000CF48F /* LoginVC.swift in Sources */ = {isa = PBXBuildFile; fileRef = DE742A102044963A000CF48F /* LoginVC.swift */; };
		DEA52117204B3EDE00ED285A /* RegisterVC.swift in Sources */ = {isa = PBXBuildFile; fileRef = DEA52116204B3EDE00ED285A /* RegisterVC.swift */; };
		DECDBBF9203DE43B0001B7BA /* AppDelegate.swift in Sources */ = {isa = PBXBuildFile; fileRef = DECDBBF8203DE43B0001B7BA /* AppDelegate.swift */; };
		DECDBBFE203DE43B0001B7BA /* Main.storyboard in Resources */ = {isa = PBXBuildFile; fileRef = DECDBBFC203DE43B0001B7BA /* Main.storyboard */; };
		DECDBC01203DE43B0001B7BA /* Festival_App.xcdatamodeld in Sources */ = {isa = PBXBuildFile; fileRef = DECDBBFF203DE43B0001B7BA /* Festival_App.xcdatamodeld */; };
		DECDBC03203DE43B0001B7BA /* Assets.xcassets in Resources */ = {isa = PBXBuildFile; fileRef = DECDBC02203DE43B0001B7BA /* Assets.xcassets */; };
		DECDBC06203DE43B0001B7BA /* LaunchScreen.storyboard in Resources */ = {isa = PBXBuildFile; fileRef = DECDBC04203DE43B0001B7BA /* LaunchScreen.storyboard */; };
		DECDBC11203DE43B0001B7BA /* Festival_AppTests.swift in Sources */ = {isa = PBXBuildFile; fileRef = DECDBC10203DE43B0001B7BA /* Festival_AppTests.swift */; };
		DEE34C96205E7ADD006C7B55 /* ChannelVC.swift in Sources */ = {isa = PBXBuildFile; fileRef = DEE34C95205E7ADD006C7B55 /* ChannelVC.swift */; };
		DEE34C98205E7AED006C7B55 /* ChatVC.swift in Sources */ = {isa = PBXBuildFile; fileRef = DEE34C97205E7AED006C7B55 /* ChatVC.swift */; };
/* End PBXBuildFile section */

/* Begin PBXContainerItemProxy section */
		DECDBC0D203DE43B0001B7BA /* PBXContainerItemProxy */ = {
			isa = PBXContainerItemProxy;
			containerPortal = DECDBBED203DE43B0001B7BA /* Project object */;
			proxyType = 1;
			remoteGlobalIDString = DECDBBF4203DE43B0001B7BA;
			remoteInfo = "Festival-App";
		};
/* End PBXContainerItemProxy section */

/* Begin PBXFileReference section */
		5E44282287E3E04EB4FAB17B /* Pods-Festival-AppTests.release.xcconfig */ = {isa = PBXFileReference; includeInIndex = 1; lastKnownFileType = text.xcconfig; name = "Pods-Festival-AppTests.release.xcconfig"; path = "Pods/Target Support Files/Pods-Festival-AppTests/Pods-Festival-AppTests.release.xcconfig"; sourceTree = "<group>"; };
		71F5C21C5FE26E4AE11A1F5E /* Pods_Festival_AppTests.framework */ = {isa = PBXFileReference; explicitFileType = wrapper.framework; includeInIndex = 0; path = Pods_Festival_AppTests.framework; sourceTree = BUILT_PRODUCTS_DIR; };
		772DBC0DB20DDEF4341F89F1 /* Pods-Festival-App.debug.xcconfig */ = {isa = PBXFileReference; includeInIndex = 1; lastKnownFileType = text.xcconfig; name = "Pods-Festival-App.debug.xcconfig"; path = "Pods/Target Support Files/Pods-Festival-App/Pods-Festival-App.debug.xcconfig"; sourceTree = "<group>"; };
		C69FA063702F5610C88A408D /* Pods-Festival-AppTests.debug.xcconfig */ = {isa = PBXFileReference; includeInIndex = 1; lastKnownFileType = text.xcconfig; name = "Pods-Festival-AppTests.debug.xcconfig"; path = "Pods/Target Support Files/Pods-Festival-AppTests/Pods-Festival-AppTests.debug.xcconfig"; sourceTree = "<group>"; };
		DE0FCD58203F1E3B00FE29BB /* ArtistService.swift */ = {isa = PBXFileReference; lastKnownFileType = sourcecode.swift; path = ArtistService.swift; sourceTree = "<group>"; };
		DE0FCD5A203F1F1300FE29BB /* Artist.swift */ = {isa = PBXFileReference; lastKnownFileType = sourcecode.swift; path = Artist.swift; sourceTree = "<group>"; };
		DE0FCD5C203F20CB00FE29BB /* MainStageArtistsVC.swift */ = {isa = PBXFileReference; lastKnownFileType = sourcecode.swift; path = MainStageArtistsVC.swift; sourceTree = "<group>"; };
		DE0FCD5E203F211F00FE29BB /* ArtistCell.swift */ = {isa = PBXFileReference; lastKnownFileType = sourcecode.swift; path = ArtistCell.swift; sourceTree = "<group>"; };
		DE0FCD60203F6D6200FE29BB /* ResistanceStageArtistsVC.swift */ = {isa = PBXFileReference; lastKnownFileType = sourcecode.swift; path = ResistanceStageArtistsVC.swift; sourceTree = "<group>"; };
		DE0FCD62203F6D7D00FE29BB /* LiveStageArtistsVC.swift */ = {isa = PBXFileReference; lastKnownFileType = sourcecode.swift; path = LiveStageArtistsVC.swift; sourceTree = "<group>"; };
		DE0FCD64203F6D9300FE29BB /* OasisStageArtistsVC.swift */ = {isa = PBXFileReference; lastKnownFileType = sourcecode.swift; path = OasisStageArtistsVC.swift; sourceTree = "<group>"; };
		DE0FCD69203F747900FE29BB /* ArtistDetailsVC.swift */ = {isa = PBXFileReference; lastKnownFileType = sourcecode.swift; path = ArtistDetailsVC.swift; sourceTree = "<group>"; };
		DE0FCD6A203F747900FE29BB /* ArtistDetailsVC.xib */ = {isa = PBXFileReference; lastKnownFileType = file.xib; path = ArtistDetailsVC.xib; sourceTree = "<group>"; };
		DE16484F2041F56100EB371B /* ProductService.swift */ = {isa = PBXFileReference; lastKnownFileType = sourcecode.swift; path = ProductService.swift; sourceTree = "<group>"; };
		DE1648512041F9E500EB371B /* ProductCategoryCell.swift */ = {isa = PBXFileReference; lastKnownFileType = sourcecode.swift; path = ProductCategoryCell.swift; sourceTree = "<group>"; };
		DE1648552042006F00EB371B /* HalfRoundedView.swift */ = {isa = PBXFileReference; lastKnownFileType = sourcecode.swift; path = HalfRoundedView.swift; sourceTree = "<group>"; };
		DE1648592042134000EB371B /* MerchVC.swift */ = {isa = PBXFileReference; lastKnownFileType = sourcecode.swift; path = MerchVC.swift; sourceTree = "<group>"; };
		DE16485B2042191700EB371B /* Product.swift */ = {isa = PBXFileReference; lastKnownFileType = sourcecode.swift; path = Product.swift; sourceTree = "<group>"; };
		DE16485D204219DE00EB371B /* ProductCell.swift */ = {isa = PBXFileReference; lastKnownFileType = sourcecode.swift; path = ProductCell.swift; sourceTree = "<group>"; };
		DE1648612042350400EB371B /* RoundedImage.swift */ = {isa = PBXFileReference; lastKnownFileType = sourcecode.swift; path = RoundedImage.swift; sourceTree = "<group>"; };
		DE3B2CF62043300C00C4E49D /* AuthService.swift */ = {isa = PBXFileReference; lastKnownFileType = sourcecode.swift; path = AuthService.swift; sourceTree = "<group>"; };
		DE4DF1652041BEDF0083A8F1 /* NewsVC.swift */ = {isa = PBXFileReference; lastKnownFileType = sourcecode.swift; path = NewsVC.swift; sourceTree = "<group>"; };
		DE4DF1672041C1720083A8F1 /* NewsCell.swift */ = {isa = PBXFileReference; lastKnownFileType = sourcecode.swift; path = NewsCell.swift; sourceTree = "<group>"; };
		DE4DF1692041CB340083A8F1 /* LineupVC.swift */ = {isa = PBXFileReference; lastKnownFileType = sourcecode.swift; path = LineupVC.swift; sourceTree = "<group>"; };
		DE4DF16B2041CB4E0083A8F1 /* MerchCategoryVC.swift */ = {isa = PBXFileReference; lastKnownFileType = sourcecode.swift; path = MerchCategoryVC.swift; sourceTree = "<group>"; };
		DE4DF16D2041CB690083A8F1 /* AccomodationVC.swift */ = {isa = PBXFileReference; lastKnownFileType = sourcecode.swift; path = AccomodationVC.swift; sourceTree = "<group>"; };
		DE5A810F203DE56900D8A7FA /* Festival-App-Bridging-Header.h */ = {isa = PBXFileReference; lastKnownFileType = sourcecode.c.h; path = "Festival-App-Bridging-Header.h"; sourceTree = "<group>"; };
		DE5A8110203DE56900D8A7FA /* SWRevealViewController.h */ = {isa = PBXFileReference; fileEncoding = 4; lastKnownFileType = sourcecode.c.h; path = SWRevealViewController.h; sourceTree = "<group>"; };
		DE5A8111203DE56900D8A7FA /* SWRevealViewController.m */ = {isa = PBXFileReference; fileEncoding = 4; lastKnownFileType = sourcecode.c.objc; path = SWRevealViewController.m; sourceTree = "<group>"; };
		DE5A8116203DE7C700D8A7FA /* UserMenuVC.swift */ = {isa = PBXFileReference; lastKnownFileType = sourcecode.swift; path = UserMenuVC.swift; sourceTree = "<group>"; };
		DE5A8118203DE80D00D8A7FA /* HomeVC.swift */ = {isa = PBXFileReference; lastKnownFileType = sourcecode.swift; path = HomeVC.swift; sourceTree = "<group>"; };
		DE5A811A203DEA3300D8A7FA /* GradientView.swift */ = {isa = PBXFileReference; lastKnownFileType = sourcecode.swift; path = GradientView.swift; sourceTree = "<group>"; };
		DE5A811C203DF95B00D8A7FA /* RoundedButton.swift */ = {isa = PBXFileReference; lastKnownFileType = sourcecode.swift; path = RoundedButton.swift; sourceTree = "<group>"; };
		DE5A811F203E1DF200D8A7FA /* Constants.swift */ = {isa = PBXFileReference; lastKnownFileType = sourcecode.swift; path = Constants.swift; sourceTree = "<group>"; };
		DE5A8121203E1EDA00D8A7FA /* UserMenuCell.swift */ = {isa = PBXFileReference; lastKnownFileType = sourcecode.swift; path = UserMenuCell.swift; sourceTree = "<group>"; };
		DE742A102044963A000CF48F /* LoginVC.swift */ = {isa = PBXFileReference; lastKnownFileType = sourcecode.swift; path = LoginVC.swift; sourceTree = "<group>"; };
		DEA52116204B3EDE00ED285A /* RegisterVC.swift */ = {isa = PBXFileReference; lastKnownFileType = sourcecode.swift; path = RegisterVC.swift; sourceTree = "<group>"; };
		DECDBBF5203DE43B0001B7BA /* Festival-App.app */ = {isa = PBXFileReference; explicitFileType = wrapper.application; includeInIndex = 0; path = "Festival-App.app"; sourceTree = BUILT_PRODUCTS_DIR; };
		DECDBBF8203DE43B0001B7BA /* AppDelegate.swift */ = {isa = PBXFileReference; lastKnownFileType = sourcecode.swift; path = AppDelegate.swift; sourceTree = "<group>"; };
		DECDBBFD203DE43B0001B7BA /* Base */ = {isa = PBXFileReference; lastKnownFileType = file.storyboard; name = Base; path = Base.lproj/Main.storyboard; sourceTree = "<group>"; };
		DECDBC00203DE43B0001B7BA /* Festival_App.xcdatamodel */ = {isa = PBXFileReference; lastKnownFileType = wrapper.xcdatamodel; path = Festival_App.xcdatamodel; sourceTree = "<group>"; };
		DECDBC02203DE43B0001B7BA /* Assets.xcassets */ = {isa = PBXFileReference; lastKnownFileType = folder.assetcatalog; path = Assets.xcassets; sourceTree = "<group>"; };
		DECDBC05203DE43B0001B7BA /* Base */ = {isa = PBXFileReference; lastKnownFileType = file.storyboard; name = Base; path = Base.lproj/LaunchScreen.storyboard; sourceTree = "<group>"; };
		DECDBC07203DE43B0001B7BA /* Info.plist */ = {isa = PBXFileReference; lastKnownFileType = text.plist.xml; path = Info.plist; sourceTree = "<group>"; };
		DECDBC0C203DE43B0001B7BA /* Festival-AppTests.xctest */ = {isa = PBXFileReference; explicitFileType = wrapper.cfbundle; includeInIndex = 0; path = "Festival-AppTests.xctest"; sourceTree = BUILT_PRODUCTS_DIR; };
		DECDBC10203DE43B0001B7BA /* Festival_AppTests.swift */ = {isa = PBXFileReference; lastKnownFileType = sourcecode.swift; path = Festival_AppTests.swift; sourceTree = "<group>"; };
		DECDBC12203DE43B0001B7BA /* Info.plist */ = {isa = PBXFileReference; lastKnownFileType = text.plist.xml; path = Info.plist; sourceTree = "<group>"; };
		DEE34C95205E7ADD006C7B55 /* ChannelVC.swift */ = {isa = PBXFileReference; lastKnownFileType = sourcecode.swift; path = ChannelVC.swift; sourceTree = "<group>"; };
		DEE34C97205E7AED006C7B55 /* ChatVC.swift */ = {isa = PBXFileReference; lastKnownFileType = sourcecode.swift; path = ChatVC.swift; sourceTree = "<group>"; };
		E0C2CB2CEAB042BFC7EA6144 /* Pods-Festival-App.release.xcconfig */ = {isa = PBXFileReference; includeInIndex = 1; lastKnownFileType = text.xcconfig; name = "Pods-Festival-App.release.xcconfig"; path = "Pods/Target Support Files/Pods-Festival-App/Pods-Festival-App.release.xcconfig"; sourceTree = "<group>"; };
		E8C6773EB899B34DE25D3349 /* Pods_Festival_App.framework */ = {isa = PBXFileReference; explicitFileType = wrapper.framework; includeInIndex = 0; path = Pods_Festival_App.framework; sourceTree = BUILT_PRODUCTS_DIR; };
/* End PBXFileReference section */

/* Begin PBXFrameworksBuildPhase section */
		DECDBBF2203DE43B0001B7BA /* Frameworks */ = {
			isa = PBXFrameworksBuildPhase;
			buildActionMask = 2147483647;
			files = (
				D3F765C1DBC1FF987E737016 /* Pods_Festival_App.framework in Frameworks */,
			);
			runOnlyForDeploymentPostprocessing = 0;
		};
		DECDBC09203DE43B0001B7BA /* Frameworks */ = {
			isa = PBXFrameworksBuildPhase;
			buildActionMask = 2147483647;
			files = (
				B2F493533729A46192834459 /* Pods_Festival_AppTests.framework in Frameworks */,
			);
			runOnlyForDeploymentPostprocessing = 0;
		};
/* End PBXFrameworksBuildPhase section */

/* Begin PBXGroup section */
		BC2A6BA8F44BBF55AB86511B /* Frameworks */ = {
			isa = PBXGroup;
			children = (
				E8C6773EB899B34DE25D3349 /* Pods_Festival_App.framework */,
				71F5C21C5FE26E4AE11A1F5E /* Pods_Festival_AppTests.framework */,
			);
			name = Frameworks;
			sourceTree = "<group>";
		};
		DE0FCD56203F1CC800FE29BB /* Services */ = {
			isa = PBXGroup;
			children = (
				DE0FCD58203F1E3B00FE29BB /* ArtistService.swift */,
				DE16484F2041F56100EB371B /* ProductService.swift */,
				DE3B2CF62043300C00C4E49D /* AuthService.swift */,
			);
			path = Services;
			sourceTree = "<group>";
		};
		DE0FCD68203F740E00FE29BB /* XIBs */ = {
			isa = PBXGroup;
			children = (
				DE0FCD6A203F747900FE29BB /* ArtistDetailsVC.xib */,
			);
			path = XIBs;
			sourceTree = "<group>";
		};
		DE5A810E203DE50C00D8A7FA /* Supporting Files */ = {
			isa = PBXGroup;
			children = (
				DE5A8110203DE56900D8A7FA /* SWRevealViewController.h */,
				DE5A8111203DE56900D8A7FA /* SWRevealViewController.m */,
				DE5A810F203DE56900D8A7FA /* Festival-App-Bridging-Header.h */,
			);
			path = "Supporting Files";
			sourceTree = "<group>";
		};
		DE5A8113203DE5B800D8A7FA /* Controller */ = {
			isa = PBXGroup;
			children = (
				DE5A8116203DE7C700D8A7FA /* UserMenuVC.swift */,
				DE5A8118203DE80D00D8A7FA /* HomeVC.swift */,
				DE0FCD5C203F20CB00FE29BB /* MainStageArtistsVC.swift */,
				DE0FCD60203F6D6200FE29BB /* ResistanceStageArtistsVC.swift */,
				DE0FCD62203F6D7D00FE29BB /* LiveStageArtistsVC.swift */,
				DE0FCD64203F6D9300FE29BB /* OasisStageArtistsVC.swift */,
				DE0FCD69203F747900FE29BB /* ArtistDetailsVC.swift */,
				DE4DF1652041BEDF0083A8F1 /* NewsVC.swift */,
				DE4DF1692041CB340083A8F1 /* LineupVC.swift */,
				DE4DF16B2041CB4E0083A8F1 /* MerchCategoryVC.swift */,
				DE4DF16D2041CB690083A8F1 /* AccomodationVC.swift */,
				DE1648592042134000EB371B /* MerchVC.swift */,
				DE742A102044963A000CF48F /* LoginVC.swift */,
				DEA52116204B3EDE00ED285A /* RegisterVC.swift */,
				DEE34C95205E7ADD006C7B55 /* ChannelVC.swift */,
				DEE34C97205E7AED006C7B55 /* ChatVC.swift */,
			);
			path = Controller;
			sourceTree = "<group>";
		};
		DE5A8114203DE5C400D8A7FA /* View */ = {
			isa = PBXGroup;
			children = (
				DE5A811A203DEA3300D8A7FA /* GradientView.swift */,
				DE5A811C203DF95B00D8A7FA /* RoundedButton.swift */,
				DE5A8121203E1EDA00D8A7FA /* UserMenuCell.swift */,
				DE0FCD5E203F211F00FE29BB /* ArtistCell.swift */,
				DE4DF1672041C1720083A8F1 /* NewsCell.swift */,
				DE1648512041F9E500EB371B /* ProductCategoryCell.swift */,
				DE1648552042006F00EB371B /* HalfRoundedView.swift */,
				DE16485D204219DE00EB371B /* ProductCell.swift */,
				DE1648612042350400EB371B /* RoundedImage.swift */,
			);
			path = View;
			sourceTree = "<group>";
		};
		DE5A8115203DE5CB00D8A7FA /* Model */ = {
			isa = PBXGroup;
			children = (
				DE0FCD5A203F1F1300FE29BB /* Artist.swift */,
				DE16485B2042191700EB371B /* Product.swift */,
			);
			path = Model;
			sourceTree = "<group>";
		};
		DE5A811E203E1DDB00D8A7FA /* Utils */ = {
			isa = PBXGroup;
			children = (
				DE5A811F203E1DF200D8A7FA /* Constants.swift */,
			);
			path = Utils;
			sourceTree = "<group>";
		};
		DECDBBEC203DE43B0001B7BA = {
			isa = PBXGroup;
			children = (
				DECDBBF7203DE43B0001B7BA /* Festival-App */,
				DECDBC0F203DE43B0001B7BA /* Festival-AppTests */,
				DECDBBF6203DE43B0001B7BA /* Products */,
				FBAB8CCE48C60091F4787321 /* Pods */,
				BC2A6BA8F44BBF55AB86511B /* Frameworks */,
			);
			sourceTree = "<group>";
		};
		DECDBBF6203DE43B0001B7BA /* Products */ = {
			isa = PBXGroup;
			children = (
				DECDBBF5203DE43B0001B7BA /* Festival-App.app */,
				DECDBC0C203DE43B0001B7BA /* Festival-AppTests.xctest */,
			);
			name = Products;
			sourceTree = "<group>";
		};
		DECDBBF7203DE43B0001B7BA /* Festival-App */ = {
			isa = PBXGroup;
			children = (
				DE0FCD68203F740E00FE29BB /* XIBs */,
				DE0FCD56203F1CC800FE29BB /* Services */,
				DE5A811E203E1DDB00D8A7FA /* Utils */,
				DE5A8115203DE5CB00D8A7FA /* Model */,
				DE5A8114203DE5C400D8A7FA /* View */,
				DE5A8113203DE5B800D8A7FA /* Controller */,
				DE5A810E203DE50C00D8A7FA /* Supporting Files */,
				DECDBBF8203DE43B0001B7BA /* AppDelegate.swift */,
				DECDBBFC203DE43B0001B7BA /* Main.storyboard */,
				DECDBC02203DE43B0001B7BA /* Assets.xcassets */,
				DECDBC04203DE43B0001B7BA /* LaunchScreen.storyboard */,
				DECDBC07203DE43B0001B7BA /* Info.plist */,
				DECDBBFF203DE43B0001B7BA /* Festival_App.xcdatamodeld */,
			);
			path = "Festival-App";
			sourceTree = "<group>";
		};
		DECDBC0F203DE43B0001B7BA /* Festival-AppTests */ = {
			isa = PBXGroup;
			children = (
				DECDBC10203DE43B0001B7BA /* Festival_AppTests.swift */,
				DECDBC12203DE43B0001B7BA /* Info.plist */,
			);
			path = "Festival-AppTests";
			sourceTree = "<group>";
		};
		FBAB8CCE48C60091F4787321 /* Pods */ = {
			isa = PBXGroup;
			children = (
				772DBC0DB20DDEF4341F89F1 /* Pods-Festival-App.debug.xcconfig */,
				E0C2CB2CEAB042BFC7EA6144 /* Pods-Festival-App.release.xcconfig */,
				C69FA063702F5610C88A408D /* Pods-Festival-AppTests.debug.xcconfig */,
				5E44282287E3E04EB4FAB17B /* Pods-Festival-AppTests.release.xcconfig */,
			);
			name = Pods;
			sourceTree = "<group>";
		};
/* End PBXGroup section */

/* Begin PBXNativeTarget section */
		DECDBBF4203DE43B0001B7BA /* Festival-App */ = {
			isa = PBXNativeTarget;
			buildConfigurationList = DECDBC15203DE43B0001B7BA /* Build configuration list for PBXNativeTarget "Festival-App" */;
			buildPhases = (
				4A9DA70A47205DF5438DEBB4 /* [CP] Check Pods Manifest.lock */,
				DECDBBF1203DE43B0001B7BA /* Sources */,
				DECDBBF2203DE43B0001B7BA /* Frameworks */,
				DECDBBF3203DE43B0001B7BA /* Resources */,
				0A19E9D2D35C0E0F9D3EDD5F /* [CP] Embed Pods Frameworks */,
				62B4ABD7D34CB92D87D17E8C /* [CP] Copy Pods Resources */,
			);
			buildRules = (
			);
			dependencies = (
			);
			name = "Festival-App";
			productName = "Festival-App";
			productReference = DECDBBF5203DE43B0001B7BA /* Festival-App.app */;
			productType = "com.apple.product-type.application";
		};
		DECDBC0B203DE43B0001B7BA /* Festival-AppTests */ = {
			isa = PBXNativeTarget;
			buildConfigurationList = DECDBC18203DE43B0001B7BA /* Build configuration list for PBXNativeTarget "Festival-AppTests" */;
			buildPhases = (
				70A723DB019D3999C21B80D5 /* [CP] Check Pods Manifest.lock */,
				DECDBC08203DE43B0001B7BA /* Sources */,
				DECDBC09203DE43B0001B7BA /* Frameworks */,
				DECDBC0A203DE43B0001B7BA /* Resources */,
				80E7387B92DA4FC726901B95 /* [CP] Embed Pods Frameworks */,
				5C7498B0B43278D8AC04504A /* [CP] Copy Pods Resources */,
			);
			buildRules = (
			);
			dependencies = (
				DECDBC0E203DE43B0001B7BA /* PBXTargetDependency */,
			);
			name = "Festival-AppTests";
			productName = "Festival-AppTests";
			productReference = DECDBC0C203DE43B0001B7BA /* Festival-AppTests.xctest */;
			productType = "com.apple.product-type.bundle.unit-test";
		};
/* End PBXNativeTarget section */

/* Begin PBXProject section */
		DECDBBED203DE43B0001B7BA /* Project object */ = {
			isa = PBXProject;
			attributes = {
				LastSwiftUpdateCheck = 0920;
				LastUpgradeCheck = 0920;
				ORGANIZATIONNAME = "Duminica Octavian";
				TargetAttributes = {
					DECDBBF4203DE43B0001B7BA = {
						CreatedOnToolsVersion = 9.2;
						LastSwiftMigration = 0920;
						ProvisioningStyle = Automatic;
					};
					DECDBC0B203DE43B0001B7BA = {
						CreatedOnToolsVersion = 9.2;
						ProvisioningStyle = Automatic;
						TestTargetID = DECDBBF4203DE43B0001B7BA;
					};
				};
			};
			buildConfigurationList = DECDBBF0203DE43B0001B7BA /* Build configuration list for PBXProject "Festival-App" */;
			compatibilityVersion = "Xcode 8.0";
			developmentRegion = en;
			hasScannedForEncodings = 0;
			knownRegions = (
				en,
				Base,
			);
			mainGroup = DECDBBEC203DE43B0001B7BA;
			productRefGroup = DECDBBF6203DE43B0001B7BA /* Products */;
			projectDirPath = "";
			projectRoot = "";
			targets = (
				DECDBBF4203DE43B0001B7BA /* Festival-App */,
				DECDBC0B203DE43B0001B7BA /* Festival-AppTests */,
			);
		};
/* End PBXProject section */

/* Begin PBXResourcesBuildPhase section */
		DECDBBF3203DE43B0001B7BA /* Resources */ = {
			isa = PBXResourcesBuildPhase;
			buildActionMask = 2147483647;
			files = (
				DECDBC06203DE43B0001B7BA /* LaunchScreen.storyboard in Resources */,
				DECDBC03203DE43B0001B7BA /* Assets.xcassets in Resources */,
				DE0FCD6C203F747900FE29BB /* ArtistDetailsVC.xib in Resources */,
				DECDBBFE203DE43B0001B7BA /* Main.storyboard in Resources */,
			);
			runOnlyForDeploymentPostprocessing = 0;
		};
		DECDBC0A203DE43B0001B7BA /* Resources */ = {
			isa = PBXResourcesBuildPhase;
			buildActionMask = 2147483647;
			files = (
			);
			runOnlyForDeploymentPostprocessing = 0;
		};
/* End PBXResourcesBuildPhase section */

/* Begin PBXShellScriptBuildPhase section */
		0A19E9D2D35C0E0F9D3EDD5F /* [CP] Embed Pods Frameworks */ = {
			isa = PBXShellScriptBuildPhase;
			buildActionMask = 2147483647;
			files = (
			);
			inputPaths = (
				"${SRCROOT}/Pods/Target Support Files/Pods-Festival-App/Pods-Festival-App-frameworks.sh",
				"${BUILT_PRODUCTS_DIR}/Alamofire/Alamofire.framework",
				"${BUILT_PRODUCTS_DIR}/Socket.IO-Client-Swift/SocketIO.framework",
				"${BUILT_PRODUCTS_DIR}/Starscream/Starscream.framework",
				"${BUILT_PRODUCTS_DIR}/SwiftyJSON/SwiftyJSON.framework",
			);
			name = "[CP] Embed Pods Frameworks";
			outputPaths = (
				"${TARGET_BUILD_DIR}/${FRAMEWORKS_FOLDER_PATH}/Alamofire.framework",
				"${TARGET_BUILD_DIR}/${FRAMEWORKS_FOLDER_PATH}/SocketIO.framework",
				"${TARGET_BUILD_DIR}/${FRAMEWORKS_FOLDER_PATH}/Starscream.framework",
				"${TARGET_BUILD_DIR}/${FRAMEWORKS_FOLDER_PATH}/SwiftyJSON.framework",
			);
			runOnlyForDeploymentPostprocessing = 0;
			shellPath = /bin/sh;
			shellScript = "\"${SRCROOT}/Pods/Target Support Files/Pods-Festival-App/Pods-Festival-App-frameworks.sh\"\n";
			showEnvVarsInLog = 0;
		};
		4A9DA70A47205DF5438DEBB4 /* [CP] Check Pods Manifest.lock */ = {
			isa = PBXShellScriptBuildPhase;
			buildActionMask = 2147483647;
			files = (
			);
			inputPaths = (
				"${PODS_PODFILE_DIR_PATH}/Podfile.lock",
				"${PODS_ROOT}/Manifest.lock",
			);
			name = "[CP] Check Pods Manifest.lock";
			outputPaths = (
				"$(DERIVED_FILE_DIR)/Pods-Festival-App-checkManifestLockResult.txt",
			);
			runOnlyForDeploymentPostprocessing = 0;
			shellPath = /bin/sh;
			shellScript = "diff \"${PODS_PODFILE_DIR_PATH}/Podfile.lock\" \"${PODS_ROOT}/Manifest.lock\" > /dev/null\nif [ $? != 0 ] ; then\n    # print error to STDERR\n    echo \"error: The sandbox is not in sync with the Podfile.lock. Run 'pod install' or update your CocoaPods installation.\" >&2\n    exit 1\nfi\n# This output is used by Xcode 'outputs' to avoid re-running this script phase.\necho \"SUCCESS\" > \"${SCRIPT_OUTPUT_FILE_0}\"\n";
			showEnvVarsInLog = 0;
		};
		5C7498B0B43278D8AC04504A /* [CP] Copy Pods Resources */ = {
			isa = PBXShellScriptBuildPhase;
			buildActionMask = 2147483647;
			files = (
			);
			inputPaths = (
			);
			name = "[CP] Copy Pods Resources";
			outputPaths = (
			);
			runOnlyForDeploymentPostprocessing = 0;
			shellPath = /bin/sh;
			shellScript = "\"${SRCROOT}/Pods/Target Support Files/Pods-Festival-AppTests/Pods-Festival-AppTests-resources.sh\"\n";
			showEnvVarsInLog = 0;
		};
		62B4ABD7D34CB92D87D17E8C /* [CP] Copy Pods Resources */ = {
			isa = PBXShellScriptBuildPhase;
			buildActionMask = 2147483647;
			files = (
			);
			inputPaths = (
			);
			name = "[CP] Copy Pods Resources";
			outputPaths = (
			);
			runOnlyForDeploymentPostprocessing = 0;
			shellPath = /bin/sh;
			shellScript = "\"${SRCROOT}/Pods/Target Support Files/Pods-Festival-App/Pods-Festival-App-resources.sh\"\n";
			showEnvVarsInLog = 0;
		};
		70A723DB019D3999C21B80D5 /* [CP] Check Pods Manifest.lock */ = {
			isa = PBXShellScriptBuildPhase;
			buildActionMask = 2147483647;
			files = (
			);
			inputPaths = (
				"${PODS_PODFILE_DIR_PATH}/Podfile.lock",
				"${PODS_ROOT}/Manifest.lock",
			);
			name = "[CP] Check Pods Manifest.lock";
			outputPaths = (
				"$(DERIVED_FILE_DIR)/Pods-Festival-AppTests-checkManifestLockResult.txt",
			);
			runOnlyForDeploymentPostprocessing = 0;
			shellPath = /bin/sh;
			shellScript = "diff \"${PODS_PODFILE_DIR_PATH}/Podfile.lock\" \"${PODS_ROOT}/Manifest.lock\" > /dev/null\nif [ $? != 0 ] ; then\n    # print error to STDERR\n    echo \"error: The sandbox is not in sync with the Podfile.lock. Run 'pod install' or update your CocoaPods installation.\" >&2\n    exit 1\nfi\n# This output is used by Xcode 'outputs' to avoid re-running this script phase.\necho \"SUCCESS\" > \"${SCRIPT_OUTPUT_FILE_0}\"\n";
			showEnvVarsInLog = 0;
		};
		80E7387B92DA4FC726901B95 /* [CP] Embed Pods Frameworks */ = {
			isa = PBXShellScriptBuildPhase;
			buildActionMask = 2147483647;
			files = (
			);
			inputPaths = (
			);
			name = "[CP] Embed Pods Frameworks";
			outputPaths = (
			);
			runOnlyForDeploymentPostprocessing = 0;
			shellPath = /bin/sh;
			shellScript = "\"${SRCROOT}/Pods/Target Support Files/Pods-Festival-AppTests/Pods-Festival-AppTests-frameworks.sh\"\n";
			showEnvVarsInLog = 0;
		};
/* End PBXShellScriptBuildPhase section */

/* Begin PBXSourcesBuildPhase section */
		DECDBBF1203DE43B0001B7BA /* Sources */ = {
			isa = PBXSourcesBuildPhase;
			buildActionMask = 2147483647;
			files = (
				DE0FCD5F203F211F00FE29BB /* ArtistCell.swift in Sources */,
				DECDBBF9203DE43B0001B7BA /* AppDelegate.swift in Sources */,
				DE5A8122203E1EDA00D8A7FA /* UserMenuCell.swift in Sources */,
				DE4DF16A2041CB340083A8F1 /* LineupVC.swift in Sources */,
				DE0FCD59203F1E3B00FE29BB /* ArtistService.swift in Sources */,
				DE16485E204219DE00EB371B /* ProductCell.swift in Sources */,
				DE0FCD63203F6D7D00FE29BB /* LiveStageArtistsVC.swift in Sources */,
				DE5A8119203DE80D00D8A7FA /* HomeVC.swift in Sources */,
				DE5A811B203DEA3300D8A7FA /* GradientView.swift in Sources */,
				DEA52117204B3EDE00ED285A /* RegisterVC.swift in Sources */,
				DE1648562042006F00EB371B /* HalfRoundedView.swift in Sources */,
				DE4DF16C2041CB4E0083A8F1 /* MerchCategoryVC.swift in Sources */,
				DE0FCD5D203F20CB00FE29BB /* MainStageArtistsVC.swift in Sources */,
				DE1648502041F56100EB371B /* ProductService.swift in Sources */,
				DE0FCD61203F6D6200FE29BB /* ResistanceStageArtistsVC.swift in Sources */,
				DECDBC01203DE43B0001B7BA /* Festival_App.xcdatamodeld in Sources */,
				DE16485A2042134000EB371B /* MerchVC.swift in Sources */,
				DE0FCD6B203F747900FE29BB /* ArtistDetailsVC.swift in Sources */,
				DE4DF16E2041CB690083A8F1 /* AccomodationVC.swift in Sources */,
				DE1648622042350400EB371B /* RoundedImage.swift in Sources */,
				DE4DF1682041C1720083A8F1 /* NewsCell.swift in Sources */,
				DE0FCD65203F6D9300FE29BB /* OasisStageArtistsVC.swift in Sources */,
				DE742A112044963A000CF48F /* LoginVC.swift in Sources */,
				DE5A811D203DF95B00D8A7FA /* RoundedButton.swift in Sources */,
				DEE34C98205E7AED006C7B55 /* ChatVC.swift in Sources */,
				DE16485C2042191700EB371B /* Product.swift in Sources */,
				DEE34C96205E7ADD006C7B55 /* ChannelVC.swift in Sources */,
				DE5A8117203DE7C700D8A7FA /* UserMenuVC.swift in Sources */,
				DE1648522041F9E500EB371B /* ProductCategoryCell.swift in Sources */,
				DE5A8112203DE56900D8A7FA /* SWRevealViewController.m in Sources */,
				DE5A8120203E1DF200D8A7FA /* Constants.swift in Sources */,
				DE3B2CF72043300C00C4E49D /* AuthService.swift in Sources */,
				DE0FCD5B203F1F1300FE29BB /* Artist.swift in Sources */,
				DE4DF1662041BEDF0083A8F1 /* NewsVC.swift in Sources */,
			);
			runOnlyForDeploymentPostprocessing = 0;
		};
		DECDBC08203DE43B0001B7BA /* Sources */ = {
			isa = PBXSourcesBuildPhase;
			buildActionMask = 2147483647;
			files = (
				DECDBC11203DE43B0001B7BA /* Festival_AppTests.swift in Sources */,
			);
			runOnlyForDeploymentPostprocessing = 0;
		};
/* End PBXSourcesBuildPhase section */

/* Begin PBXTargetDependency section */
		DECDBC0E203DE43B0001B7BA /* PBXTargetDependency */ = {
			isa = PBXTargetDependency;
			target = DECDBBF4203DE43B0001B7BA /* Festival-App */;
			targetProxy = DECDBC0D203DE43B0001B7BA /* PBXContainerItemProxy */;
		};
/* End PBXTargetDependency section */

/* Begin PBXVariantGroup section */
		DECDBBFC203DE43B0001B7BA /* Main.storyboard */ = {
			isa = PBXVariantGroup;
			children = (
				DECDBBFD203DE43B0001B7BA /* Base */,
			);
			name = Main.storyboard;
			sourceTree = "<group>";
		};
		DECDBC04203DE43B0001B7BA /* LaunchScreen.storyboard */ = {
			isa = PBXVariantGroup;
			children = (
				DECDBC05203DE43B0001B7BA /* Base */,
			);
			name = LaunchScreen.storyboard;
			sourceTree = "<group>";
		};
/* End PBXVariantGroup section */

/* Begin XCBuildConfiguration section */
		DECDBC13203DE43B0001B7BA /* Debug */ = {
			isa = XCBuildConfiguration;
			buildSettings = {
				ALWAYS_SEARCH_USER_PATHS = NO;
				CLANG_ANALYZER_NONNULL = YES;
				CLANG_ANALYZER_NUMBER_OBJECT_CONVERSION = YES_AGGRESSIVE;
				CLANG_CXX_LANGUAGE_STANDARD = "gnu++14";
				CLANG_CXX_LIBRARY = "libc++";
				CLANG_ENABLE_MODULES = YES;
				CLANG_ENABLE_OBJC_ARC = YES;
				CLANG_WARN_BLOCK_CAPTURE_AUTORELEASING = YES;
				CLANG_WARN_BOOL_CONVERSION = YES;
				CLANG_WARN_COMMA = YES;
				CLANG_WARN_CONSTANT_CONVERSION = YES;
				CLANG_WARN_DIRECT_OBJC_ISA_USAGE = YES_ERROR;
				CLANG_WARN_DOCUMENTATION_COMMENTS = YES;
				CLANG_WARN_EMPTY_BODY = YES;
				CLANG_WARN_ENUM_CONVERSION = YES;
				CLANG_WARN_INFINITE_RECURSION = YES;
				CLANG_WARN_INT_CONVERSION = YES;
				CLANG_WARN_NON_LITERAL_NULL_CONVERSION = YES;
				CLANG_WARN_OBJC_LITERAL_CONVERSION = YES;
				CLANG_WARN_OBJC_ROOT_CLASS = YES_ERROR;
				CLANG_WARN_RANGE_LOOP_ANALYSIS = YES;
				CLANG_WARN_STRICT_PROTOTYPES = YES;
				CLANG_WARN_SUSPICIOUS_MOVE = YES;
				CLANG_WARN_UNGUARDED_AVAILABILITY = YES_AGGRESSIVE;
				CLANG_WARN_UNREACHABLE_CODE = YES;
				CLANG_WARN__DUPLICATE_METHOD_MATCH = YES;
				CODE_SIGN_IDENTITY = "iPhone Developer";
				COPY_PHASE_STRIP = NO;
				DEBUG_INFORMATION_FORMAT = dwarf;
				ENABLE_STRICT_OBJC_MSGSEND = YES;
				ENABLE_TESTABILITY = YES;
				GCC_C_LANGUAGE_STANDARD = gnu11;
				GCC_DYNAMIC_NO_PIC = NO;
				GCC_NO_COMMON_BLOCKS = YES;
				GCC_OPTIMIZATION_LEVEL = 0;
				GCC_PREPROCESSOR_DEFINITIONS = (
					"DEBUG=1",
					"$(inherited)",
				);
				GCC_WARN_64_TO_32_BIT_CONVERSION = YES;
				GCC_WARN_ABOUT_RETURN_TYPE = YES_ERROR;
				GCC_WARN_UNDECLARED_SELECTOR = YES;
				GCC_WARN_UNINITIALIZED_AUTOS = YES_AGGRESSIVE;
				GCC_WARN_UNUSED_FUNCTION = YES;
				GCC_WARN_UNUSED_VARIABLE = YES;
				IPHONEOS_DEPLOYMENT_TARGET = 11.2;
				MTL_ENABLE_DEBUG_INFO = YES;
				ONLY_ACTIVE_ARCH = YES;
				SDKROOT = iphoneos;
				SWIFT_ACTIVE_COMPILATION_CONDITIONS = DEBUG;
				SWIFT_OPTIMIZATION_LEVEL = "-Onone";
			};
			name = Debug;
		};
		DECDBC14203DE43B0001B7BA /* Release */ = {
			isa = XCBuildConfiguration;
			buildSettings = {
				ALWAYS_SEARCH_USER_PATHS = NO;
				CLANG_ANALYZER_NONNULL = YES;
				CLANG_ANALYZER_NUMBER_OBJECT_CONVERSION = YES_AGGRESSIVE;
				CLANG_CXX_LANGUAGE_STANDARD = "gnu++14";
				CLANG_CXX_LIBRARY = "libc++";
				CLANG_ENABLE_MODULES = YES;
				CLANG_ENABLE_OBJC_ARC = YES;
				CLANG_WARN_BLOCK_CAPTURE_AUTORELEASING = YES;
				CLANG_WARN_BOOL_CONVERSION = YES;
				CLANG_WARN_COMMA = YES;
				CLANG_WARN_CONSTANT_CONVERSION = YES;
				CLANG_WARN_DIRECT_OBJC_ISA_USAGE = YES_ERROR;
				CLANG_WARN_DOCUMENTATION_COMMENTS = YES;
				CLANG_WARN_EMPTY_BODY = YES;
				CLANG_WARN_ENUM_CONVERSION = YES;
				CLANG_WARN_INFINITE_RECURSION = YES;
				CLANG_WARN_INT_CONVERSION = YES;
				CLANG_WARN_NON_LITERAL_NULL_CONVERSION = YES;
				CLANG_WARN_OBJC_LITERAL_CONVERSION = YES;
				CLANG_WARN_OBJC_ROOT_CLASS = YES_ERROR;
				CLANG_WARN_RANGE_LOOP_ANALYSIS = YES;
				CLANG_WARN_STRICT_PROTOTYPES = YES;
				CLANG_WARN_SUSPICIOUS_MOVE = YES;
				CLANG_WARN_UNGUARDED_AVAILABILITY = YES_AGGRESSIVE;
				CLANG_WARN_UNREACHABLE_CODE = YES;
				CLANG_WARN__DUPLICATE_METHOD_MATCH = YES;
				CODE_SIGN_IDENTITY = "iPhone Developer";
				COPY_PHASE_STRIP = NO;
				DEBUG_INFORMATION_FORMAT = "dwarf-with-dsym";
				ENABLE_NS_ASSERTIONS = NO;
				ENABLE_STRICT_OBJC_MSGSEND = YES;
				GCC_C_LANGUAGE_STANDARD = gnu11;
				GCC_NO_COMMON_BLOCKS = YES;
				GCC_WARN_64_TO_32_BIT_CONVERSION = YES;
				GCC_WARN_ABOUT_RETURN_TYPE = YES_ERROR;
				GCC_WARN_UNDECLARED_SELECTOR = YES;
				GCC_WARN_UNINITIALIZED_AUTOS = YES_AGGRESSIVE;
				GCC_WARN_UNUSED_FUNCTION = YES;
				GCC_WARN_UNUSED_VARIABLE = YES;
				IPHONEOS_DEPLOYMENT_TARGET = 11.2;
				MTL_ENABLE_DEBUG_INFO = NO;
				SDKROOT = iphoneos;
				SWIFT_OPTIMIZATION_LEVEL = "-Owholemodule";
				VALIDATE_PRODUCT = YES;
			};
			name = Release;
		};
		DECDBC16203DE43B0001B7BA /* Debug */ = {
			isa = XCBuildConfiguration;
			baseConfigurationReference = 772DBC0DB20DDEF4341F89F1 /* Pods-Festival-App.debug.xcconfig */;
			buildSettings = {
				ASSETCATALOG_COMPILER_APPICON_NAME = AppIcon;
				CLANG_ENABLE_MODULES = YES;
				CODE_SIGN_STYLE = Automatic;
				DEVELOPMENT_TEAM = PX5AU8YC45;
				INFOPLIST_FILE = "Festival-App/Info.plist";
				LD_RUNPATH_SEARCH_PATHS = "$(inherited) @executable_path/Frameworks";
				PRODUCT_BUNDLE_IDENTIFIER = "Octavian.Festival-App";
				PRODUCT_NAME = "$(TARGET_NAME)";
				SWIFT_OBJC_BRIDGING_HEADER = "Festival-App/Supporting Files/Festival-App-Bridging-Header.h";
				SWIFT_OPTIMIZATION_LEVEL = "-Onone";
				SWIFT_VERSION = 4.0;
				TARGETED_DEVICE_FAMILY = "1,2";
			};
			name = Debug;
		};
		DECDBC17203DE43B0001B7BA /* Release */ = {
			isa = XCBuildConfiguration;
			baseConfigurationReference = E0C2CB2CEAB042BFC7EA6144 /* Pods-Festival-App.release.xcconfig */;
			buildSettings = {
				ASSETCATALOG_COMPILER_APPICON_NAME = AppIcon;
				CLANG_ENABLE_MODULES = YES;
				CODE_SIGN_STYLE = Automatic;
				DEVELOPMENT_TEAM = PX5AU8YC45;
				INFOPLIST_FILE = "Festival-App/Info.plist";
				LD_RUNPATH_SEARCH_PATHS = "$(inherited) @executable_path/Frameworks";
				PRODUCT_BUNDLE_IDENTIFIER = "Octavian.Festival-App";
				PRODUCT_NAME = "$(TARGET_NAME)";
				SWIFT_OBJC_BRIDGING_HEADER = "Festival-App/Supporting Files/Festival-App-Bridging-Header.h";
				SWIFT_VERSION = 4.0;
				TARGETED_DEVICE_FAMILY = "1,2";
			};
			name = Release;
		};
		DECDBC19203DE43B0001B7BA /* Debug */ = {
			isa = XCBuildConfiguration;
			baseConfigurationReference = C69FA063702F5610C88A408D /* Pods-Festival-AppTests.debug.xcconfig */;
			buildSettings = {
				ALWAYS_EMBED_SWIFT_STANDARD_LIBRARIES = YES;
				BUNDLE_LOADER = "$(TEST_HOST)";
				CODE_SIGN_STYLE = Automatic;
				DEVELOPMENT_TEAM = PX5AU8YC45;
				INFOPLIST_FILE = "Festival-AppTests/Info.plist";
				LD_RUNPATH_SEARCH_PATHS = "$(inherited) @executable_path/Frameworks @loader_path/Frameworks";
				PRODUCT_BUNDLE_IDENTIFIER = "Octavian.Festival-AppTests";
				PRODUCT_NAME = "$(TARGET_NAME)";
				SWIFT_VERSION = 4.0;
				TARGETED_DEVICE_FAMILY = "1,2";
				TEST_HOST = "$(BUILT_PRODUCTS_DIR)/Festival-App.app/Festival-App";
			};
			name = Debug;
		};
		DECDBC1A203DE43B0001B7BA /* Release */ = {
			isa = XCBuildConfiguration;
			baseConfigurationReference = 5E44282287E3E04EB4FAB17B /* Pods-Festival-AppTests.release.xcconfig */;
			buildSettings = {
				ALWAYS_EMBED_SWIFT_STANDARD_LIBRARIES = YES;
				BUNDLE_LOADER = "$(TEST_HOST)";
				CODE_SIGN_STYLE = Automatic;
				DEVELOPMENT_TEAM = PX5AU8YC45;
				INFOPLIST_FILE = "Festival-AppTests/Info.plist";
				LD_RUNPATH_SEARCH_PATHS = "$(inherited) @executable_path/Frameworks @loader_path/Frameworks";
				PRODUCT_BUNDLE_IDENTIFIER = "Octavian.Festival-AppTests";
				PRODUCT_NAME = "$(TARGET_NAME)";
				SWIFT_VERSION = 4.0;
				TARGETED_DEVICE_FAMILY = "1,2";
				TEST_HOST = "$(BUILT_PRODUCTS_DIR)/Festival-App.app/Festival-App";
			};
			name = Release;
		};
/* End XCBuildConfiguration section */

/* Begin XCConfigurationList section */
		DECDBBF0203DE43B0001B7BA /* Build configuration list for PBXProject "Festival-App" */ = {
			isa = XCConfigurationList;
			buildConfigurations = (
				DECDBC13203DE43B0001B7BA /* Debug */,
				DECDBC14203DE43B0001B7BA /* Release */,
			);
			defaultConfigurationIsVisible = 0;
			defaultConfigurationName = Release;
		};
		DECDBC15203DE43B0001B7BA /* Build configuration list for PBXNativeTarget "Festival-App" */ = {
			isa = XCConfigurationList;
			buildConfigurations = (
				DECDBC16203DE43B0001B7BA /* Debug */,
				DECDBC17203DE43B0001B7BA /* Release */,
			);
			defaultConfigurationIsVisible = 0;
			defaultConfigurationName = Release;
		};
		DECDBC18203DE43B0001B7BA /* Build configuration list for PBXNativeTarget "Festival-AppTests" */ = {
			isa = XCConfigurationList;
			buildConfigurations = (
				DECDBC19203DE43B0001B7BA /* Debug */,
				DECDBC1A203DE43B0001B7BA /* Release */,
			);
			defaultConfigurationIsVisible = 0;
			defaultConfigurationName = Release;
		};
/* End XCConfigurationList section */

/* Begin XCVersionGroup section */
		DECDBBFF203DE43B0001B7BA /* Festival_App.xcdatamodeld */ = {
			isa = XCVersionGroup;
			children = (
				DECDBC00203DE43B0001B7BA /* Festival_App.xcdatamodel */,
			);
			currentVersion = DECDBC00203DE43B0001B7BA /* Festival_App.xcdatamodel */;
			path = Festival_App.xcdatamodeld;
			sourceTree = "<group>";
			versionGroupType = wrapper.xcdatamodel;
		};
/* End XCVersionGroup section */
	};
	rootObject = DECDBBED203DE43B0001B7BA /* Project object */;
}
