PODS:
  - Alamofire (4.8.1)
  - AWSCognito (2.9.3):
    - AWSCore (= 2.9.3)
  - AWSCore (2.9.3)
  - AWSS3 (2.9.3):
    - AWSCore (= 2.9.3)
  - Firebase/Auth (5.18.0):
    - Firebase/CoreOnly
    - FirebaseAuth (= 5.4.0)
  - Firebase/CoreOnly (5.18.0):
    - FirebaseCore (= 5.3.1)
  - Firebase/Database (5.18.0):
    - Firebase/CoreOnly
    - FirebaseDatabase (= 5.1.0)
  - FirebaseAuth (5.4.0):
    - FirebaseAuthInterop (~> 1.0)
    - FirebaseCore (~> 5.2)
    - GoogleUtilities/Environment (~> 5.2)
    - GTMSessionFetcher/Core (~> 1.1)
  - FirebaseAuthInterop (1.0.0)
  - FirebaseCore (5.3.1):
    - GoogleUtilities/Logger (~> 5.2)
  - FirebaseDatabase (5.1.0):
    - FirebaseAuthInterop (~> 1.0)
    - FirebaseCore (~> 5.2)
    - leveldb-library (~> 1.18)
  - GoogleUtilities/Environment (5.5.0)
  - GoogleUtilities/Logger (5.5.0):
    - GoogleUtilities/Environment
  - GTMSessionFetcher/Core (1.2.1)
  - leveldb-library (1.20)
  - lottie-ios (2.5.3)
  - NVActivityIndicatorView (4.6.1):
    - NVActivityIndicatorView/Presenter (= 4.6.1)
  - NVActivityIndicatorView/Presenter (4.6.1)
  - Socket.IO-Client-Swift (14.0.0):
    - Starscream (~> 3.0.6)
  - Starscream (3.0.6)
  - SwiftyJSON (4.2.0)

DEPENDENCIES:
  - Alamofire
  - AWSCognito
  - AWSCore
  - AWSS3
  - Firebase/Auth
  - Firebase/Database
  - lottie-ios
  - NVActivityIndicatorView
  - Socket.IO-Client-Swift
  - SwiftyJSON

SPEC REPOS:
  https://github.com/cocoapods/specs.git:
    - Alamofire
    - AWSCognito
    - AWSCore
    - AWSS3
    - Firebase
    - FirebaseAuth
    - FirebaseAuthInterop
    - FirebaseCore
    - FirebaseDatabase
    - GoogleUtilities
    - GTMSessionFetcher
    - leveldb-library
    - lottie-ios
    - NVActivityIndicatorView
    - Socket.IO-Client-Swift
    - Starscream
    - SwiftyJSON

SPEC CHECKSUMS:
  Alamofire: 16ce2c353fb72865124ddae8a57c5942388f4f11
  AWSCognito: 508185a281676e58914f297dce13de8d7ac01fd4
  AWSCore: 5cbb6c6ccfad4b55e494c2e8df87781512f7881e
  AWSS3: f016dddb6de858f0cc328d4e10a551299a66a3bb
  Firebase: 02f3281965c075426141a0ce1277e9de6649cab9
  FirebaseAuth: d85d052354447f30b4b2a805ab91b511458b56a6
  FirebaseAuthInterop: 0ffa57668be100582bb7643d4fcb7615496c41fc
  FirebaseCore: 52f851b30e11360f1e67cf04b1edfebf0a47a2d3
  FirebaseDatabase: 23acb0c53cd4d4070a427b60100b2e4aaa97c45d
  GoogleUtilities: 6481e6318c5fcabaaa8513ef8120f329055d7c10
  GTMSessionFetcher: 32aeca0aa144acea523e1c8e053089dec2cb98ca
  leveldb-library: 08cba283675b7ed2d99629a4bc5fd052cd2bb6a5
  lottie-ios: a50d5c0160425cd4b01b852bb9578963e6d92d31
  NVActivityIndicatorView: 4ca19fccc84595a78957336a086d00a49be6ce61
  Socket.IO-Client-Swift: 21e6a8a23a7d367d5ddfab6cbbd3c679cf3c25d6
  Starscream: ef3ece99d765eeccb67de105bfa143f929026cf5
  SwiftyJSON: c4bcba26dd9ec7a027fc8eade48e2c911f229e96

PODFILE CHECKSUM: 9d216f22fb3df4ef7da5704803286d064e703e11

COCOAPODS: 1.5.3
