PODS:
  - Alamofire (4.6.0)
  - AWSCognito (2.6.12):
    - AWSCore (= 2.6.12)
  - AWSCore (2.6.12)
  - AWSS3 (2.6.12):
    - AWSCore (= 2.6.12)
  - Socket.IO-Client-Swift (13.1.1):
    - Starscream (~> 3.0.2)
  - Starscream (3.0.4)
  - SwiftyJSON (4.0.0)

DEPENDENCIES:
  - Alamofire
  - AWSCognito
  - AWSCore
  - AWSS3
  - Socket.IO-Client-Swift
  - SwiftyJSON

SPEC CHECKSUMS:
  Alamofire: f41a599bd63041760b26d393ec1069d9d7b917f4
  AWSCognito: c69d91501b460c8abe22e224a0d5c3277486a21b
  AWSCore: d0d6e4f6831754aaf98058d2306a016ae71510fe
  AWSS3: c35608e0cdd5172f9e1d943221fd5fde01c5f749
  Socket.IO-Client-Swift: f22222913f29801e30ae0df712db663ec096edc2
  Starscream: f5da93fe6984c77b694366bf7299b7dc63a76f26
  SwiftyJSON: 070dabdcb1beb81b247c65ffa3a79dbbfb3b48aa

PODFILE CHECKSUM: e8578f34c2561ef57dca61edf51e8c7499b6a71c

COCOAPODS: 1.4.0
